
Microsoft Visual Studio Solution File, Format Version 12.00
# Visual Studio 15
VisualStudioVersion = 15.0.28010.2026
MinimumVisualStudioVersion = 10.0.40219.1
Project("{FAE04EC0-301F-11D3-BF4B-00C04F79EFBC}") = "AssemblyBrowser", "AssemblyBrowser\AssemblyBrowser.csproj", "{76F7706B-2E3D-4A8A-A513-22EC80B8EFB3}"
EndProject
Project("{FAE04EC0-301F-11D3-BF4B-00C04F79EFBC}") = "AssemblyBrowserTests", "AssemblyBrowserTests\AssemblyBrowserTests.csproj", "{DF8E4031-E362-409B-AFD0-919B68489139}"
EndProject
Project("{FAE04EC0-301F-11D3-BF4B-00C04F79EFBC}") = "AssemblyApp", "AssemblyApp\AssemblyApp.csproj", "{C362D4D6-F2A0-46DE-939B-69F9882DBEE4}"
EndProject
Global
	GlobalSection(SolutionConfigurationPlatforms) = preSolution
		Debug|Any CPU = Debug|Any CPU
		Release|Any CPU = Release|Any CPU
	EndGlobalSection
	GlobalSection(ProjectConfigurationPlatforms) = postSolution
		{76F7706B-2E3D-4A8A-A513-22EC80B8EFB3}.Debug|Any CPU.ActiveCfg = Debug|Any CPU
		{76F7706B-2E3D-4A8A-A513-22EC80B8EFB3}.Debug|Any CPU.Build.0 = Debug|Any CPU
		{76F7706B-2E3D-4A8A-A513-22EC80B8EFB3}.Release|Any CPU.ActiveCfg = Release|Any CPU
		{76F7706B-2E3D-4A8A-A513-22EC80B8EFB3}.Release|Any CPU.Build.0 = Release|Any CPU
		{DF8E4031-E362-409B-AFD0-919B68489139}.Debug|Any CPU.ActiveCfg = Debug|Any CPU
		{DF8E4031-E362-409B-AFD0-919B68489139}.Debug|Any CPU.Build.0 = Debug|Any CPU
		{DF8E4031-E362-409B-AFD0-919B68489139}.Release|Any CPU.ActiveCfg = Release|Any CPU
		{DF8E4031-E362-409B-AFD0-919B68489139}.Release|Any CPU.Build.0 = Release|Any CPU
		{C362D4D6-F2A0-46DE-939B-69F9882DBEE4}.Debug|Any CPU.ActiveCfg = Debug|Any CPU
		{C362D4D6-F2A0-46DE-939B-69F9882DBEE4}.Debug|Any CPU.Build.0 = Debug|Any CPU
		{C362D4D6-F2A0-46DE-939B-69F9882DBEE4}.Release|Any CPU.ActiveCfg = Release|Any CPU
		{C362D4D6-F2A0-46DE-939B-69F9882DBEE4}.Release|Any CPU.Build.0 = Release|Any CPU
	EndGlobalSection
	GlobalSection(SolutionProperties) = preSolution
		HideSolutionNode = FALSE
	EndGlobalSection
	GlobalSection(ExtensibilityGlobals) = postSolution
		SolutionGuid = {F2B2D691-FFD3-4F53-A2ED-A4D0B68A6D0E}
	EndGlobalSection
EndGlobal
